{
    "_meta": {
        "hash": {
            "sha256": "b8a9e176566ebea8609b759f79f2bfc19068ac78ad680e3882107c9d820ece62"
        },
        "pipfile-spec": 1,
        "requires": {},
        "sources": [
            {
                "url": "https://pypi.python.org/simple",
                "verify_ssl": true
            }
        ]
    },
    "default": {
        "aniso8601": {
            "version": "==3.0.2"
        },
        "certifi": {
            "version": "==2018.8.24"
        },
        "chardet": {
            "version": "==3.0.4"
        },
        "click": {
            "version": "==6.7"
        },
        "flask": {
            "version": "==1.0.2"
        },
        "flask-restful": {
            "version": "==0.3.6"
        },
        "idna": {
            "version": "==2.7"
        },
        "itsdangerous": {
            "version": "==0.24"
        },
        "jinja2": {
            "version": "==2.10"
        },
        "ksamsok": {
            "version": "==0.5.1"
        },
        "lxml": {
            "version": "==4.2.4"
        },
        "markupsafe": {
            "version": "==1.0"
        },
        "pytz": {
            "version": "==2018.5"
        },
        "requests": {
            "version": "==2.19.1"
        },
        "six": {
            "version": "==1.11.0"
        },
        "urllib3": {
            "version": "==1.23"
        },
        "werkzeug": {
            "version": "==0.14.1"
        }
    },
    "develop": {}
}
